
Microsoft Visual Studio Solution File, Format Version 12.00
# Visual Studio Version 17
VisualStudioVersion = 17.8.34330.188
MinimumVisualStudioVersion = 10.0.40219.1
Project("{FAE04EC0-301F-11D3-BF4B-00C04F79EFBC}") = "AutentificacionAutorizacion", "AutentificacionAutorizacion.csproj", "{FCA13063-F992-436F-A2A7-B02540BE5B9E}"
EndProject
Project("{FAE04EC0-301F-11D3-BF4B-00C04F79EFBC}") = "PetMap.Test", "..\PetMap.Test\PetMap.Test.csproj", "{6C38CAD5-11F3-4D06-9BB1-6BF01825F414}"
EndProject
Global
	GlobalSection(SolutionConfigurationPlatforms) = preSolution
		Debug|Any CPU = Debug|Any CPU
		Release|Any CPU = Release|Any CPU
	EndGlobalSection
	GlobalSection(ProjectConfigurationPlatforms) = postSolution
		{FCA13063-F992-436F-A2A7-B02540BE5B9E}.Debug|Any CPU.ActiveCfg = Debug|Any CPU
		{FCA13063-F992-436F-A2A7-B02540BE5B9E}.Debug|Any CPU.Build.0 = Debug|Any CPU
		{FCA13063-F992-436F-A2A7-B02540BE5B9E}.Release|Any CPU.ActiveCfg = Release|Any CPU
		{FCA13063-F992-436F-A2A7-B02540BE5B9E}.Release|Any CPU.Build.0 = Release|Any CPU
		{6C38CAD5-11F3-4D06-9BB1-6BF01825F414}.Debug|Any CPU.ActiveCfg = Debug|Any CPU
		{6C38CAD5-11F3-4D06-9BB1-6BF01825F414}.Debug|Any CPU.Build.0 = Debug|Any CPU
		{6C38CAD5-11F3-4D06-9BB1-6BF01825F414}.Release|Any CPU.ActiveCfg = Release|Any CPU
		{6C38CAD5-11F3-4D06-9BB1-6BF01825F414}.Release|Any CPU.Build.0 = Release|Any CPU
	EndGlobalSection
	GlobalSection(SolutionProperties) = preSolution
		HideSolutionNode = FALSE
	EndGlobalSection
	GlobalSection(ExtensibilityGlobals) = postSolution
		SolutionGuid = {9FCE32AB-F3DD-4B54-9B6C-5790D79B5FFE}
	EndGlobalSection
EndGlobal
